
Microsoft Visual Studio Solution File, Format Version 12.00
# Visual Studio 2012
Project("{FAE04EC0-301F-11D3-BF4B-00C04F79EFBC}") = "GardenSprinkler", "GardenSprinkler\GardenSprinkler.csproj", "{9F6C680B-3F06-4C9F-BB08-64D424283E5A}"
EndProject
Global
	GlobalSection(SolutionConfigurationPlatforms) = preSolution
		Debug|Any CPU = Debug|Any CPU
		Release|Any CPU = Release|Any CPU
	EndGlobalSection
	GlobalSection(ProjectConfigurationPlatforms) = postSolution
		{9F6C680B-3F06-4C9F-BB08-64D424283E5A}.Debug|Any CPU.ActiveCfg = Debug|Any CPU
		{9F6C680B-3F06-4C9F-BB08-64D424283E5A}.Debug|Any CPU.Build.0 = Debug|Any CPU
		{9F6C680B-3F06-4C9F-BB08-64D424283E5A}.Debug|Any CPU.Deploy.0 = Debug|Any CPU
		{9F6C680B-3F06-4C9F-BB08-64D424283E5A}.Release|Any CPU.ActiveCfg = Release|Any CPU
		{9F6C680B-3F06-4C9F-BB08-64D424283E5A}.Release|Any CPU.Build.0 = Release|Any CPU
		{9F6C680B-3F06-4C9F-BB08-64D424283E5A}.Release|Any CPU.Deploy.0 = Release|Any CPU
	EndGlobalSection
	GlobalSection(SolutionProperties) = preSolution
		HideSolutionNode = FALSE
	EndGlobalSection
EndGlobal
